{
    "name": "@degenhack/root",
    "version": "0.0.1",
    "lockfileVersion": 3,
    "requires": true,
    "packages": {
        "": {
            "name": "@degenhack/root",
            "version": "0.0.1",
            "workspaces": [
                "packages/*",
                "ux/"
            ],
            "dependencies": {
                "@polkadot/api": "10.11.2",
                "@polkadot/api-contract": "10.11.2",
                "@polkadot/extension-dapp": "0.46.6",
                "@polkadot/ui-keyring": "3.6.4"
            },
            "devDependencies": {
                "esbuild": "0.20.0",
                "typescript": "5.3.3"
            }
        },
        "node_modules/@degenhack/app": {
            "resolved": "packages/app",
            "link": true
        },
        "node_modules/@degenhack/contract-compiler-service": {
            "resolved": "packages/contract-compiler-service",
            "link": true
        },
        "node_modules/@degenhack/contract-model": {
            "resolved": "packages/contract-model",
            "link": true
        },
        "node_modules/@degenhack/lib-contact-book": {
            "resolved": "packages/lib-contact-book",
            "link": true
        },
        "node_modules/@degenhack/lib-contract-deployer": {
            "resolved": "packages/lib-contract-deployer",
            "link": true
        },
        "node_modules/@degenhack/lib-contract-editor": {
            "resolved": "packages/lib-contract-editor",
            "link": true
        },
        "node_modules/@degenhack/lib-contract-registry": {
            "resolved": "packages/lib-contract-registry",
            "link": true
        },
        "node_modules/@degenhack/lib-web3-init": {
            "resolved": "packages/lib-web3-init",
            "link": true
        },
        "node_modules/@degenhack/ux": {
            "resolved": "ux",
            "link": true
        },
        "node_modules/@degenhack/video-generator": {
            "resolved": "packages/video-generator",
            "link": true
        },
        "node_modules/@esbuild/linux-x64": {
            "version": "0.20.0",
            "cpu": [
                "x64"
            ],
            "dev": true,
            "license": "MIT",
            "optional": true,
            "os": [
                "linux"
            ],
            "engines": {
                "node": ">=12"
            }
        },
        "node_modules/@noble/curves": {
            "version": "1.3.0",
            "license": "MIT",
            "dependencies": {
                "@noble/hashes": "1.3.3"
            },
            "funding": {
                "url": "https://paulmillr.com/funding/"
            }
        },
        "node_modules/@noble/hashes": {
            "version": "1.3.3",
            "license": "MIT",
            "engines": {
                "node": ">= 16"
            },
            "funding": {
                "url": "https://paulmillr.com/funding/"
            }
        },
        "node_modules/@polkadot/api": {
            "version": "10.11.2",
            "license": "Apache-2.0",
            "dependencies": {
                "@polkadot/api-augment": "10.11.2",
                "@polkadot/api-base": "10.11.2",
                "@polkadot/api-derive": "10.11.2",
                "@polkadot/keyring": "^12.6.2",
                "@polkadot/rpc-augment": "10.11.2",
                "@polkadot/rpc-core": "10.11.2",
                "@polkadot/rpc-provider": "10.11.2",
                "@polkadot/types": "10.11.2",
                "@polkadot/types-augment": "10.11.2",
                "@polkadot/types-codec": "10.11.2",
                "@polkadot/types-create": "10.11.2",
                "@polkadot/types-known": "10.11.2",
                "@polkadot/util": "^12.6.2",
                "@polkadot/util-crypto": "^12.6.2",
                "eventemitter3": "^5.0.1",
                "rxjs": "^7.8.1",
                "tslib": "^2.6.2"
            },
            "engines": {
                "node": ">=18"
            }
        },
        "node_modules/@polkadot/api-augment": {
            "version": "10.11.2",
            "license": "Apache-2.0",
            "dependencies": {
                "@polkadot/api-base": "10.11.2",
                "@polkadot/rpc-augment": "10.11.2",
                "@polkadot/types": "10.11.2",
                "@polkadot/types-augment": "10.11.2",
                "@polkadot/types-codec": "10.11.2",
                "@polkadot/util": "^12.6.2",
                "tslib": "^2.6.2"
            },
            "engines": {
                "node": ">=18"
            }
        },
        "node_modules/@polkadot/api-base": {
            "version": "10.11.2",
            "license": "Apache-2.0",
            "dependencies": {
                "@polkadot/rpc-core": "10.11.2",
                "@polkadot/types": "10.11.2",
                "@polkadot/util": "^12.6.2",
                "rxjs": "^7.8.1",
                "tslib": "^2.6.2"
            },
            "engines": {
                "node": ">=18"
            }
        },
        "node_modules/@polkadot/api-contract": {
            "version": "10.11.2",
            "license": "Apache-2.0",
            "dependencies": {
                "@polkadot/api": "10.11.2",
                "@polkadot/api-augment": "10.11.2",
                "@polkadot/types": "10.11.2",
                "@polkadot/types-codec": "10.11.2",
                "@polkadot/types-create": "10.11.2",
                "@polkadot/util": "^12.6.2",
                "@polkadot/util-crypto": "^12.6.2",
                "rxjs": "^7.8.1",
                "tslib": "^2.6.2"
            },
            "engines": {
                "node": ">=18"
            }
        },
        "node_modules/@polkadot/api-derive": {
            "version": "10.11.2",
            "license": "Apache-2.0",
            "dependencies": {
                "@polkadot/api": "10.11.2",
                "@polkadot/api-augment": "10.11.2",
                "@polkadot/api-base": "10.11.2",
                "@polkadot/rpc-core": "10.11.2",
                "@polkadot/types": "10.11.2",
                "@polkadot/types-codec": "10.11.2",
                "@polkadot/util": "^12.6.2",
                "@polkadot/util-crypto": "^12.6.2",
                "rxjs": "^7.8.1",
                "tslib": "^2.6.2"
            },
            "engines": {
                "node": ">=18"
            }
        },
        "node_modules/@polkadot/api/node_modules/eventemitter3": {
            "version": "5.0.1",
            "license": "MIT"
        },
        "node_modules/@polkadot/extension-dapp": {
            "version": "0.46.6",
            "license": "Apache-2.0",
            "dependencies": {
                "@polkadot/extension-inject": "0.46.6",
                "@polkadot/util": "^12.6.1",
                "@polkadot/util-crypto": "^12.6.1",
                "tslib": "^2.6.2"
            },
            "engines": {
                "node": ">=18"
            },
            "peerDependencies": {
                "@polkadot/api": "*",
                "@polkadot/util": "*",
                "@polkadot/util-crypto": "*"
            }
        },
        "node_modules/@polkadot/extension-inject": {
            "version": "0.46.6",
            "license": "Apache-2.0",
            "dependencies": {
                "@polkadot/api": "^10.11.1",
                "@polkadot/rpc-provider": "^10.11.1",
                "@polkadot/types": "^10.11.1",
                "@polkadot/util": "^12.6.1",
                "@polkadot/util-crypto": "^12.6.1",
                "@polkadot/x-global": "^12.6.1",
                "tslib": "^2.6.2"
            },
            "engines": {
                "node": ">=18"
            },
            "peerDependencies": {
                "@polkadot/api": "*",
                "@polkadot/util": "*"
            }
        },
        "node_modules/@polkadot/keyring": {
            "version": "12.6.2",
            "license": "Apache-2.0",
            "dependencies": {
                "@polkadot/util": "12.6.2",
                "@polkadot/util-crypto": "12.6.2",
                "tslib": "^2.6.2"
            },
            "engines": {
                "node": ">=18"
            },
            "peerDependencies": {
                "@polkadot/util": "12.6.2",
                "@polkadot/util-crypto": "12.6.2"
            }
        },
        "node_modules/@polkadot/networks": {
            "version": "12.6.2",
            "license": "Apache-2.0",
            "dependencies": {
                "@polkadot/util": "12.6.2",
                "@substrate/ss58-registry": "^1.44.0",
                "tslib": "^2.6.2"
            },
            "engines": {
                "node": ">=18"
            }
        },
        "node_modules/@polkadot/rpc-augment": {
            "version": "10.11.2",
            "license": "Apache-2.0",
            "dependencies": {
                "@polkadot/rpc-core": "10.11.2",
                "@polkadot/types": "10.11.2",
                "@polkadot/types-codec": "10.11.2",
                "@polkadot/util": "^12.6.2",
                "tslib": "^2.6.2"
            },
            "engines": {
                "node": ">=18"
            }
        },
        "node_modules/@polkadot/rpc-core": {
            "version": "10.11.2",
            "license": "Apache-2.0",
            "dependencies": {
                "@polkadot/rpc-augment": "10.11.2",
                "@polkadot/rpc-provider": "10.11.2",
                "@polkadot/types": "10.11.2",
                "@polkadot/util": "^12.6.2",
                "rxjs": "^7.8.1",
                "tslib": "^2.6.2"
            },
            "engines": {
                "node": ">=18"
            }
        },
        "node_modules/@polkadot/rpc-provider": {
            "version": "10.11.2",
            "license": "Apache-2.0",
            "dependencies": {
                "@polkadot/keyring": "^12.6.2",
                "@polkadot/types": "10.11.2",
                "@polkadot/types-support": "10.11.2",
                "@polkadot/util": "^12.6.2",
                "@polkadot/util-crypto": "^12.6.2",
                "@polkadot/x-fetch": "^12.6.2",
                "@polkadot/x-global": "^12.6.2",
                "@polkadot/x-ws": "^12.6.2",
                "eventemitter3": "^5.0.1",
                "mock-socket": "^9.3.1",
                "nock": "^13.4.0",
                "tslib": "^2.6.2"
            },
            "engines": {
                "node": ">=18"
            },
            "optionalDependencies": {
                "@substrate/connect": "0.7.35"
            }
        },
        "node_modules/@polkadot/rpc-provider/node_modules/eventemitter3": {
            "version": "5.0.1",
            "license": "MIT"
        },
        "node_modules/@polkadot/types": {
            "version": "10.11.2",
            "license": "Apache-2.0",
            "dependencies": {
                "@polkadot/keyring": "^12.6.2",
                "@polkadot/types-augment": "10.11.2",
                "@polkadot/types-codec": "10.11.2",
                "@polkadot/types-create": "10.11.2",
                "@polkadot/util": "^12.6.2",
                "@polkadot/util-crypto": "^12.6.2",
                "rxjs": "^7.8.1",
                "tslib": "^2.6.2"
            },
            "engines": {
                "node": ">=18"
            }
        },
        "node_modules/@polkadot/types-augment": {
            "version": "10.11.2",
            "license": "Apache-2.0",
            "dependencies": {
                "@polkadot/types": "10.11.2",
                "@polkadot/types-codec": "10.11.2",
                "@polkadot/util": "^12.6.2",
                "tslib": "^2.6.2"
            },
            "engines": {
                "node": ">=18"
            }
        },
        "node_modules/@polkadot/types-codec": {
            "version": "10.11.2",
            "license": "Apache-2.0",
            "dependencies": {
                "@polkadot/util": "^12.6.2",
                "@polkadot/x-bigint": "^12.6.2",
                "tslib": "^2.6.2"
            },
            "engines": {
                "node": ">=18"
            }
        },
        "node_modules/@polkadot/types-create": {
            "version": "10.11.2",
            "license": "Apache-2.0",
            "dependencies": {
                "@polkadot/types-codec": "10.11.2",
                "@polkadot/util": "^12.6.2",
                "tslib": "^2.6.2"
            },
            "engines": {
                "node": ">=18"
            }
        },
        "node_modules/@polkadot/types-known": {
            "version": "10.11.2",
            "license": "Apache-2.0",
            "dependencies": {
                "@polkadot/networks": "^12.6.2",
                "@polkadot/types": "10.11.2",
                "@polkadot/types-codec": "10.11.2",
                "@polkadot/types-create": "10.11.2",
                "@polkadot/util": "^12.6.2",
                "tslib": "^2.6.2"
            },
            "engines": {
                "node": ">=18"
            }
        },
        "node_modules/@polkadot/types-support": {
            "version": "10.11.2",
            "license": "Apache-2.0",
            "dependencies": {
                "@polkadot/util": "^12.6.2",
                "tslib": "^2.6.2"
            },
            "engines": {
                "node": ">=18"
            }
        },
        "node_modules/@polkadot/ui-keyring": {
            "version": "3.6.4",
            "license": "Apache-2.0",
            "dependencies": {
                "@polkadot/keyring": "^12.6.1",
                "@polkadot/ui-settings": "3.6.4",
                "@polkadot/util": "^12.6.1",
                "@polkadot/util-crypto": "^12.6.1",
                "mkdirp": "^3.0.1",
                "rxjs": "^7.8.1",
                "store": "^2.0.12",
                "tslib": "^2.6.2"
            },
            "engines": {
                "node": ">=18"
            },
            "peerDependencies": {
                "@polkadot/keyring": "*",
                "@polkadot/ui-settings": "*",
                "@polkadot/util": "*"
            }
        },
        "node_modules/@polkadot/ui-keyring/node_modules/mkdirp": {
            "version": "3.0.1",
            "license": "MIT",
            "bin": {
                "mkdirp": "dist/cjs/src/bin.js"
            },
            "engines": {
                "node": ">=10"
            },
            "funding": {
                "url": "https://github.com/sponsors/isaacs"
            }
        },
        "node_modules/@polkadot/ui-settings": {
            "version": "3.6.4",
            "license": "Apache-2.0",
            "dependencies": {
                "@polkadot/networks": "^12.6.1",
                "@polkadot/util": "^12.6.1",
                "eventemitter3": "^5.0.1",
                "store": "^2.0.12",
                "tslib": "^2.6.2"
            },
            "engines": {
                "node": ">=18"
            },
            "peerDependencies": {
                "@polkadot/networks": "*",
                "@polkadot/util": "*"
            }
        },
        "node_modules/@polkadot/ui-settings/node_modules/eventemitter3": {
            "version": "5.0.1",
            "license": "MIT"
        },
        "node_modules/@polkadot/util": {
            "version": "12.6.2",
            "license": "Apache-2.0",
            "dependencies": {
                "@polkadot/x-bigint": "12.6.2",
                "@polkadot/x-global": "12.6.2",
                "@polkadot/x-textdecoder": "12.6.2",
                "@polkadot/x-textencoder": "12.6.2",
                "@types/bn.js": "^5.1.5",
                "bn.js": "^5.2.1",
                "tslib": "^2.6.2"
            },
            "engines": {
                "node": ">=18"
            }
        },
        "node_modules/@polkadot/util-crypto": {
            "version": "12.6.2",
            "license": "Apache-2.0",
            "dependencies": {
                "@noble/curves": "^1.3.0",
                "@noble/hashes": "^1.3.3",
                "@polkadot/networks": "12.6.2",
                "@polkadot/util": "12.6.2",
                "@polkadot/wasm-crypto": "^7.3.2",
                "@polkadot/wasm-util": "^7.3.2",
                "@polkadot/x-bigint": "12.6.2",
                "@polkadot/x-randomvalues": "12.6.2",
                "@scure/base": "^1.1.5",
                "tslib": "^2.6.2"
            },
            "engines": {
                "node": ">=18"
            },
            "peerDependencies": {
                "@polkadot/util": "12.6.2"
            }
        },
        "node_modules/@polkadot/wasm-bridge": {
            "version": "7.3.2",
            "license": "Apache-2.0",
            "dependencies": {
                "@polkadot/wasm-util": "7.3.2",
                "tslib": "^2.6.2"
            },
            "engines": {
                "node": ">=18"
            },
            "peerDependencies": {
                "@polkadot/util": "*",
                "@polkadot/x-randomvalues": "*"
            }
        },
        "node_modules/@polkadot/wasm-crypto": {
            "version": "7.3.2",
            "license": "Apache-2.0",
            "dependencies": {
                "@polkadot/wasm-bridge": "7.3.2",
                "@polkadot/wasm-crypto-asmjs": "7.3.2",
                "@polkadot/wasm-crypto-init": "7.3.2",
                "@polkadot/wasm-crypto-wasm": "7.3.2",
                "@polkadot/wasm-util": "7.3.2",
                "tslib": "^2.6.2"
            },
            "engines": {
                "node": ">=18"
            },
            "peerDependencies": {
                "@polkadot/util": "*",
                "@polkadot/x-randomvalues": "*"
            }
        },
        "node_modules/@polkadot/wasm-crypto-asmjs": {
            "version": "7.3.2",
            "license": "Apache-2.0",
            "dependencies": {
                "tslib": "^2.6.2"
            },
            "engines": {
                "node": ">=18"
            },
            "peerDependencies": {
                "@polkadot/util": "*"
            }
        },
        "node_modules/@polkadot/wasm-crypto-init": {
            "version": "7.3.2",
            "license": "Apache-2.0",
            "dependencies": {
                "@polkadot/wasm-bridge": "7.3.2",
                "@polkadot/wasm-crypto-asmjs": "7.3.2",
                "@polkadot/wasm-crypto-wasm": "7.3.2",
                "@polkadot/wasm-util": "7.3.2",
                "tslib": "^2.6.2"
            },
            "engines": {
                "node": ">=18"
            },
            "peerDependencies": {
                "@polkadot/util": "*",
                "@polkadot/x-randomvalues": "*"
            }
        },
        "node_modules/@polkadot/wasm-crypto-wasm": {
            "version": "7.3.2",
            "license": "Apache-2.0",
            "dependencies": {
                "@polkadot/wasm-util": "7.3.2",
                "tslib": "^2.6.2"
            },
            "engines": {
                "node": ">=18"
            },
            "peerDependencies": {
                "@polkadot/util": "*"
            }
        },
        "node_modules/@polkadot/wasm-util": {
            "version": "7.3.2",
            "license": "Apache-2.0",
            "dependencies": {
                "tslib": "^2.6.2"
            },
            "engines": {
                "node": ">=18"
            },
            "peerDependencies": {
                "@polkadot/util": "*"
            }
        },
        "node_modules/@polkadot/x-bigint": {
            "version": "12.6.2",
            "license": "Apache-2.0",
            "dependencies": {
                "@polkadot/x-global": "12.6.2",
                "tslib": "^2.6.2"
            },
            "engines": {
                "node": ">=18"
            }
        },
        "node_modules/@polkadot/x-fetch": {
            "version": "12.6.2",
            "license": "Apache-2.0",
            "dependencies": {
                "@polkadot/x-global": "12.6.2",
                "node-fetch": "^3.3.2",
                "tslib": "^2.6.2"
            },
            "engines": {
                "node": ">=18"
            }
        },
        "node_modules/@polkadot/x-global": {
            "version": "12.6.2",
            "license": "Apache-2.0",
            "dependencies": {
                "tslib": "^2.6.2"
            },
            "engines": {
                "node": ">=18"
            }
        },
        "node_modules/@polkadot/x-randomvalues": {
            "version": "12.6.2",
            "license": "Apache-2.0",
            "dependencies": {
                "@polkadot/x-global": "12.6.2",
                "tslib": "^2.6.2"
            },
            "engines": {
                "node": ">=18"
            },
            "peerDependencies": {
                "@polkadot/util": "12.6.2",
                "@polkadot/wasm-util": "*"
            }
        },
        "node_modules/@polkadot/x-textdecoder": {
            "version": "12.6.2",
            "license": "Apache-2.0",
            "dependencies": {
                "@polkadot/x-global": "12.6.2",
                "tslib": "^2.6.2"
            },
            "engines": {
                "node": ">=18"
            }
        },
        "node_modules/@polkadot/x-textencoder": {
            "version": "12.6.2",
            "license": "Apache-2.0",
            "dependencies": {
                "@polkadot/x-global": "12.6.2",
                "tslib": "^2.6.2"
            },
            "engines": {
                "node": ">=18"
            }
        },
        "node_modules/@polkadot/x-ws": {
            "version": "12.6.2",
            "license": "Apache-2.0",
            "dependencies": {
                "@polkadot/x-global": "12.6.2",
                "tslib": "^2.6.2",
                "ws": "^8.15.1"
            },
            "engines": {
                "node": ">=18"
            }
        },
        "node_modules/@scure/base": {
            "version": "1.1.5",
            "license": "MIT",
            "funding": {
                "url": "https://paulmillr.com/funding/"
            }
        },
        "node_modules/@substrate/connect": {
            "version": "0.7.35",
            "hasInstallScript": true,
            "license": "GPL-3.0-only",
            "optional": true,
            "dependencies": {
                "@substrate/connect-extension-protocol": "^1.0.1",
                "smoldot": "2.0.7"
            }
        },
        "node_modules/@substrate/connect-extension-protocol": {
            "version": "1.0.1",
            "license": "GPL-3.0-only",
            "optional": true
        },
        "node_modules/@substrate/ss58-registry": {
            "version": "1.46.0",
            "license": "Apache-2.0"
        },
        "node_modules/@types/bn.js": {
            "version": "5.1.5",
            "license": "MIT",
            "dependencies": {
                "@types/node": "*"
            }
        },
        "node_modules/@types/node": {
            "version": "20.11.19",
            "license": "MIT",
            "dependencies": {
                "undici-types": "~5.26.4"
            }
        },
        "node_modules/ansi-styles": {
            "version": "4.3.0",
            "dev": true,
            "license": "MIT",
            "dependencies": {
                "color-convert": "^2.0.1"
            },
            "engines": {
                "node": ">=8"
            },
            "funding": {
                "url": "https://github.com/chalk/ansi-styles?sponsor=1"
            }
        },
        "node_modules/async": {
            "version": "2.6.4",
            "dev": true,
            "license": "MIT",
            "dependencies": {
                "lodash": "^4.17.14"
            }
        },
        "node_modules/basic-auth": {
            "version": "2.0.1",
            "dev": true,
            "license": "MIT",
            "dependencies": {
                "safe-buffer": "5.1.2"
            },
            "engines": {
                "node": ">= 0.8"
            }
        },
        "node_modules/bn.js": {
            "version": "5.2.1",
            "license": "MIT"
        },
        "node_modules/call-bind": {
            "version": "1.0.7",
            "dev": true,
            "license": "MIT",
            "dependencies": {
                "es-define-property": "^1.0.0",
                "es-errors": "^1.3.0",
                "function-bind": "^1.1.2",
                "get-intrinsic": "^1.2.4",
                "set-function-length": "^1.2.1"
            },
            "engines": {
                "node": ">= 0.4"
            },
            "funding": {
                "url": "https://github.com/sponsors/ljharb"
            }
        },
        "node_modules/chalk": {
            "version": "4.1.2",
            "dev": true,
            "license": "MIT",
            "dependencies": {
                "ansi-styles": "^4.1.0",
                "supports-color": "^7.1.0"
            },
            "engines": {
                "node": ">=10"
            },
            "funding": {
                "url": "https://github.com/chalk/chalk?sponsor=1"
            }
        },
        "node_modules/color-convert": {
            "version": "2.0.1",
            "dev": true,
            "license": "MIT",
            "dependencies": {
                "color-name": "~1.1.4"
            },
            "engines": {
                "node": ">=7.0.0"
            }
        },
        "node_modules/color-name": {
            "version": "1.1.4",
            "dev": true,
            "license": "MIT"
        },
        "node_modules/corser": {
            "version": "2.0.1",
            "dev": true,
            "license": "MIT",
            "engines": {
                "node": ">= 0.4.0"
            }
        },
        "node_modules/data-uri-to-buffer": {
            "version": "4.0.1",
            "license": "MIT",
            "engines": {
                "node": ">= 12"
            }
        },
        "node_modules/debug": {
            "version": "3.2.7",
            "dev": true,
            "license": "MIT",
            "dependencies": {
                "ms": "^2.1.1"
            }
        },
        "node_modules/define-data-property": {
            "version": "1.1.4",
            "dev": true,
            "license": "MIT",
            "dependencies": {
                "es-define-property": "^1.0.0",
                "es-errors": "^1.3.0",
                "gopd": "^1.0.1"
            },
            "engines": {
                "node": ">= 0.4"
            },
            "funding": {
                "url": "https://github.com/sponsors/ljharb"
            }
        },
        "node_modules/es-define-property": {
            "version": "1.0.0",
            "dev": true,
            "license": "MIT",
            "dependencies": {
                "get-intrinsic": "^1.2.4"
            },
            "engines": {
                "node": ">= 0.4"
            }
        },
        "node_modules/es-errors": {
            "version": "1.3.0",
            "dev": true,
            "license": "MIT",
            "engines": {
                "node": ">= 0.4"
            }
        },
        "node_modules/esbuild": {
            "version": "0.20.0",
            "dev": true,
            "hasInstallScript": true,
            "license": "MIT",
            "bin": {
                "esbuild": "bin/esbuild"
            },
            "engines": {
                "node": ">=12"
            },
            "optionalDependencies": {
                "@esbuild/aix-ppc64": "0.20.0",
                "@esbuild/android-arm": "0.20.0",
                "@esbuild/android-arm64": "0.20.0",
                "@esbuild/android-x64": "0.20.0",
                "@esbuild/darwin-arm64": "0.20.0",
                "@esbuild/darwin-x64": "0.20.0",
                "@esbuild/freebsd-arm64": "0.20.0",
                "@esbuild/freebsd-x64": "0.20.0",
                "@esbuild/linux-arm": "0.20.0",
                "@esbuild/linux-arm64": "0.20.0",
                "@esbuild/linux-ia32": "0.20.0",
                "@esbuild/linux-loong64": "0.20.0",
                "@esbuild/linux-mips64el": "0.20.0",
                "@esbuild/linux-ppc64": "0.20.0",
                "@esbuild/linux-riscv64": "0.20.0",
                "@esbuild/linux-s390x": "0.20.0",
                "@esbuild/linux-x64": "0.20.0",
                "@esbuild/netbsd-x64": "0.20.0",
                "@esbuild/openbsd-x64": "0.20.0",
                "@esbuild/sunos-x64": "0.20.0",
                "@esbuild/win32-arm64": "0.20.0",
                "@esbuild/win32-ia32": "0.20.0",
                "@esbuild/win32-x64": "0.20.0"
            }
        },
        "node_modules/eventemitter3": {
            "version": "4.0.7",
            "dev": true,
            "license": "MIT"
        },
        "node_modules/fetch-blob": {
            "version": "3.2.0",
            "funding": [
                {
                    "type": "github",
                    "url": "https://github.com/sponsors/jimmywarting"
                },
                {
                    "type": "paypal",
                    "url": "https://paypal.me/jimmywarting"
                }
            ],
            "license": "MIT",
            "dependencies": {
                "node-domexception": "^1.0.0",
                "web-streams-polyfill": "^3.0.3"
            },
            "engines": {
                "node": "^12.20 || >= 14.13"
            }
        },
        "node_modules/follow-redirects": {
            "version": "1.15.5",
            "dev": true,
            "funding": [
                {
                    "type": "individual",
                    "url": "https://github.com/sponsors/RubenVerborgh"
                }
            ],
            "license": "MIT",
            "engines": {
                "node": ">=4.0"
            },
            "peerDependenciesMeta": {
                "debug": {
                    "optional": true
                }
            }
        },
        "node_modules/formdata-polyfill": {
            "version": "4.0.10",
            "license": "MIT",
            "dependencies": {
                "fetch-blob": "^3.1.2"
            },
            "engines": {
                "node": ">=12.20.0"
            }
        },
        "node_modules/function-bind": {
            "version": "1.1.2",
            "dev": true,
            "license": "MIT",
            "funding": {
                "url": "https://github.com/sponsors/ljharb"
            }
        },
        "node_modules/get-intrinsic": {
            "version": "1.2.4",
            "dev": true,
            "license": "MIT",
            "dependencies": {
                "es-errors": "^1.3.0",
                "function-bind": "^1.1.2",
                "has-proto": "^1.0.1",
                "has-symbols": "^1.0.3",
                "hasown": "^2.0.0"
            },
            "engines": {
                "node": ">= 0.4"
            },
            "funding": {
                "url": "https://github.com/sponsors/ljharb"
            }
        },
        "node_modules/gopd": {
            "version": "1.0.1",
            "dev": true,
            "license": "MIT",
            "dependencies": {
                "get-intrinsic": "^1.1.3"
            },
            "funding": {
                "url": "https://github.com/sponsors/ljharb"
            }
        },
        "node_modules/has-flag": {
            "version": "4.0.0",
            "dev": true,
            "license": "MIT",
            "engines": {
                "node": ">=8"
            }
        },
        "node_modules/has-property-descriptors": {
            "version": "1.0.2",
            "dev": true,
            "license": "MIT",
            "dependencies": {
                "es-define-property": "^1.0.0"
            },
            "funding": {
                "url": "https://github.com/sponsors/ljharb"
            }
        },
        "node_modules/has-proto": {
            "version": "1.0.1",
            "dev": true,
            "license": "MIT",
            "engines": {
                "node": ">= 0.4"
            },
            "funding": {
                "url": "https://github.com/sponsors/ljharb"
            }
        },
        "node_modules/has-symbols": {
            "version": "1.0.3",
            "dev": true,
            "license": "MIT",
            "engines": {
                "node": ">= 0.4"
            },
            "funding": {
                "url": "https://github.com/sponsors/ljharb"
            }
        },
        "node_modules/hasown": {
            "version": "2.0.1",
            "dev": true,
            "license": "MIT",
            "dependencies": {
                "function-bind": "^1.1.2"
            },
            "engines": {
                "node": ">= 0.4"
            }
        },
        "node_modules/he": {
            "version": "1.2.0",
            "dev": true,
            "license": "MIT",
            "bin": {
                "he": "bin/he"
            }
        },
        "node_modules/html-encoding-sniffer": {
            "version": "3.0.0",
            "dev": true,
            "license": "MIT",
            "dependencies": {
                "whatwg-encoding": "^2.0.0"
            },
            "engines": {
                "node": ">=12"
            }
        },
        "node_modules/http-proxy": {
            "version": "1.18.1",
            "dev": true,
            "license": "MIT",
            "dependencies": {
                "eventemitter3": "^4.0.0",
                "follow-redirects": "^1.0.0",
                "requires-port": "^1.0.0"
            },
            "engines": {
                "node": ">=8.0.0"
            }
        },
        "node_modules/http-server": {
            "version": "14.1.1",
            "dev": true,
            "license": "MIT",
            "dependencies": {
                "basic-auth": "^2.0.1",
                "chalk": "^4.1.2",
                "corser": "^2.0.1",
                "he": "^1.2.0",
                "html-encoding-sniffer": "^3.0.0",
                "http-proxy": "^1.18.1",
                "mime": "^1.6.0",
                "minimist": "^1.2.6",
                "opener": "^1.5.1",
                "portfinder": "^1.0.28",
                "secure-compare": "3.0.1",
                "union": "~0.5.0",
                "url-join": "^4.0.1"
            },
            "bin": {
                "http-server": "bin/http-server"
            },
            "engines": {
                "node": ">=12"
            }
        },
        "node_modules/iconv-lite": {
            "version": "0.6.3",
            "dev": true,
            "license": "MIT",
            "dependencies": {
                "safer-buffer": ">= 2.1.2 < 3.0.0"
            },
            "engines": {
                "node": ">=0.10.0"
            }
        },
        "node_modules/json-stringify-safe": {
            "version": "5.0.1",
            "license": "ISC"
        },
        "node_modules/lodash": {
            "version": "4.17.21",
            "dev": true,
            "license": "MIT"
        },
        "node_modules/mime": {
            "version": "1.6.0",
            "dev": true,
            "license": "MIT",
            "bin": {
                "mime": "cli.js"
            },
            "engines": {
                "node": ">=4"
            }
        },
        "node_modules/minimist": {
            "version": "1.2.8",
            "dev": true,
            "license": "MIT",
            "funding": {
                "url": "https://github.com/sponsors/ljharb"
            }
        },
        "node_modules/mkdirp": {
            "version": "0.5.6",
            "dev": true,
            "license": "MIT",
            "dependencies": {
                "minimist": "^1.2.6"
            },
            "bin": {
                "mkdirp": "bin/cmd.js"
            }
        },
        "node_modules/mock-socket": {
            "version": "9.3.1",
            "license": "MIT",
            "engines": {
                "node": ">= 8"
            }
        },
        "node_modules/ms": {
            "version": "2.1.3",
            "dev": true,
            "license": "MIT"
        },
        "node_modules/nock": {
            "version": "13.5.3",
            "license": "MIT",
            "dependencies": {
                "debug": "^4.1.0",
                "json-stringify-safe": "^5.0.1",
                "propagate": "^2.0.0"
            },
            "engines": {
                "node": ">= 10.13"
            }
        },
        "node_modules/nock/node_modules/debug": {
            "version": "4.3.4",
            "license": "MIT",
            "dependencies": {
                "ms": "2.1.2"
            },
            "engines": {
                "node": ">=6.0"
            },
            "peerDependenciesMeta": {
                "supports-color": {
                    "optional": true
                }
            }
        },
        "node_modules/nock/node_modules/ms": {
            "version": "2.1.2",
            "license": "MIT"
        },
        "node_modules/node-domexception": {
            "version": "1.0.0",
            "funding": [
                {
                    "type": "github",
                    "url": "https://github.com/sponsors/jimmywarting"
                },
                {
                    "type": "github",
                    "url": "https://paypal.me/jimmywarting"
                }
            ],
            "license": "MIT",
            "engines": {
                "node": ">=10.5.0"
            }
        },
        "node_modules/node-fetch": {
            "version": "3.3.2",
            "license": "MIT",
            "dependencies": {
                "data-uri-to-buffer": "^4.0.0",
                "fetch-blob": "^3.1.4",
                "formdata-polyfill": "^4.0.10"
            },
            "engines": {
                "node": "^12.20.0 || ^14.13.1 || >=16.0.0"
            },
            "funding": {
                "type": "opencollective",
                "url": "https://opencollective.com/node-fetch"
            }
        },
        "node_modules/object-inspect": {
            "version": "1.13.1",
            "dev": true,
            "license": "MIT",
            "funding": {
                "url": "https://github.com/sponsors/ljharb"
            }
        },
        "node_modules/opener": {
            "version": "1.5.2",
            "dev": true,
            "license": "(WTFPL OR MIT)",
            "bin": {
                "opener": "bin/opener-bin.js"
            }
        },
        "node_modules/portfinder": {
            "version": "1.0.32",
            "dev": true,
            "license": "MIT",
            "dependencies": {
                "async": "^2.6.4",
                "debug": "^3.2.7",
                "mkdirp": "^0.5.6"
            },
            "engines": {
                "node": ">= 0.12.0"
            }
        },
        "node_modules/propagate": {
            "version": "2.0.1",
            "license": "MIT",
            "engines": {
                "node": ">= 8"
            }
        },
        "node_modules/qs": {
            "version": "6.11.2",
            "dev": true,
            "license": "BSD-3-Clause",
            "dependencies": {
                "side-channel": "^1.0.4"
            },
            "engines": {
                "node": ">=0.6"
            },
            "funding": {
                "url": "https://github.com/sponsors/ljharb"
            }
        },
        "node_modules/requires-port": {
            "version": "1.0.0",
            "dev": true,
            "license": "MIT"
        },
        "node_modules/rxjs": {
            "version": "7.8.1",
            "license": "Apache-2.0",
            "dependencies": {
                "tslib": "^2.1.0"
            }
        },
        "node_modules/safe-buffer": {
            "version": "5.1.2",
            "dev": true,
            "license": "MIT"
        },
        "node_modules/safer-buffer": {
            "version": "2.1.2",
            "dev": true,
            "license": "MIT"
        },
        "node_modules/secure-compare": {
            "version": "3.0.1",
            "dev": true,
            "license": "MIT"
        },
        "node_modules/set-function-length": {
            "version": "1.2.1",
            "dev": true,
            "license": "MIT",
            "dependencies": {
                "define-data-property": "^1.1.2",
                "es-errors": "^1.3.0",
                "function-bind": "^1.1.2",
                "get-intrinsic": "^1.2.3",
                "gopd": "^1.0.1",
                "has-property-descriptors": "^1.0.1"
            },
            "engines": {
                "node": ">= 0.4"
            }
        },
        "node_modules/side-channel": {
            "version": "1.0.5",
            "dev": true,
            "license": "MIT",
            "dependencies": {
                "call-bind": "^1.0.6",
                "es-errors": "^1.3.0",
                "get-intrinsic": "^1.2.4",
                "object-inspect": "^1.13.1"
            },
            "engines": {
                "node": ">= 0.4"
            },
            "funding": {
                "url": "https://github.com/sponsors/ljharb"
            }
        },
        "node_modules/smoldot": {
            "version": "2.0.7",
            "license": "GPL-3.0-or-later WITH Classpath-exception-2.0",
            "optional": true,
            "dependencies": {
                "ws": "^8.8.1"
            }
        },
        "node_modules/store": {
            "version": "2.0.12",
            "license": "MIT",
            "engines": {
                "node": "*"
            }
        },
        "node_modules/supports-color": {
            "version": "7.2.0",
            "dev": true,
            "license": "MIT",
            "dependencies": {
                "has-flag": "^4.0.0"
            },
            "engines": {
                "node": ">=8"
            }
        },
        "node_modules/tslib": {
            "version": "2.6.2",
            "license": "0BSD"
        },
        "node_modules/typescript": {
            "version": "5.3.3",
            "dev": true,
            "license": "Apache-2.0",
            "bin": {
                "tsc": "bin/tsc",
                "tsserver": "bin/tsserver"
            },
            "engines": {
                "node": ">=14.17"
            }
        },
        "node_modules/undici-types": {
            "version": "5.26.5",
            "license": "MIT"
        },
        "node_modules/union": {
            "version": "0.5.0",
            "dev": true,
            "dependencies": {
                "qs": "^6.4.0"
            },
            "engines": {
                "node": ">= 0.8.0"
            }
        },
        "node_modules/url-join": {
            "version": "4.0.1",
            "dev": true,
            "license": "MIT"
        },
        "node_modules/web-streams-polyfill": {
            "version": "3.3.3",
            "license": "MIT",
            "engines": {
                "node": ">= 8"
            }
        },
        "node_modules/whatwg-encoding": {
            "version": "2.0.0",
            "dev": true,
            "license": "MIT",
            "dependencies": {
                "iconv-lite": "0.6.3"
            },
            "engines": {
                "node": ">=12"
            }
        },
        "node_modules/ws": {
            "version": "8.16.0",
            "license": "MIT",
            "engines": {
                "node": ">=10.0.0"
            },
            "peerDependencies": {
                "bufferutil": "^4.0.1",
                "utf-8-validate": ">=5.0.2"
            },
            "peerDependenciesMeta": {
                "bufferutil": {
                    "optional": true
                },
                "utf-8-validate": {
                    "optional": true
                }
            }
        },
        "packages/app": {
            "name": "@degenhack/app",
            "version": "0.0.1"
        },
        "packages/contract-compiler-service": {
            "name": "@degenhack/contract-compiler-service",
            "version": "0.0.1"
        },
        "packages/contract-model": {
            "name": "@degenhack/contract-model",
            "version": "0.0.1",
            "devDependencies": {}
        },
        "packages/lib-contact-book": {
            "name": "@degenhack/lib-contact-book",
            "version": "0.0.1",
            "dependencies": {
                "@degenhack/contract-model": "*"
            },
            "devDependencies": {
                "esbuild": "*"
            }
        },
        "packages/lib-contract-deployer": {
            "name": "@degenhack/lib-contract-deployer",
            "version": "0.0.1",
            "dependencies": {
                "@degenhack/contract-model": "*",
                "@polkadot/api": "*",
                "@polkadot/api-contract": "*",
                "@polkadot/extension-dapp": "*",
                "@polkadot/ui-keyring": "*"
            },
            "devDependencies": {
                "esbuild": "*"
            }
        },
        "packages/lib-contract-editor": {
            "name": "@degenhack/lib-contract-editor",
            "version": "0.0.1",
            "dependencies": {
                "@degenhack/contract-model": "*",
                "@polkadot/api": "*",
                "@polkadot/api-contract": "*",
                "@polkadot/extension-dapp": "*",
                "@polkadot/ui-keyring": "*"
            },
            "devDependencies": {
                "esbuild": "*"
            }
        },
        "packages/lib-contract-registry": {
            "name": "@degenhack/lib-contract-registry",
            "version": "0.0.1",
            "dependencies": {
                "@degenhack/contract-model": "*"
            },
            "devDependencies": {
                "esbuild": "*"
            }
        },
        "packages/lib-web3-init": {
            "name": "@degenhack/lib-web3-init",
            "version": "0.0.1",
            "dependencies": {
                "@degenhack/contract-model": "*",
                "@polkadot/api": "*",
                "@polkadot/api-contract": "*",
                "@polkadot/extension-dapp": "*",
                "@polkadot/ui-keyring": "*"
            },
            "devDependencies": {
                "esbuild": "*"
            }
        },
        "packages/video-generator": {
            "name": "@degenhack/video-generator",
            "version": "0.0.1"
        },
        "ux": {
            "name": "@degenhack/ux",
            "version": "0.0.1",
            "devDependencies": {
                "http-server": "14.1.1"
            }
        }
    }
}
